
Microsoft Visual Studio Solution File, Format Version 12.00
# Visual Studio Version 17
VisualStudioVersion = 17.14.36811.4 d17.14
MinimumVisualStudioVersion = 10.0.40219.1
Project("{FAE04EC0-301F-11D3-BF4B-00C04F79EFBC}") = "MarketMind", "MarketMind\MarketMind.csproj", "{9DCDCF0E-88D2-49E8-ADA6-0D178355C7CF}"
EndProject
Project("{2150E333-8FDC-42A3-9474-1A3956D46DE8}") = "Web", "Web", "{02EA681E-C7D8-13C7-8484-4AC65E1B71E8}"
EndProject
Project("{2150E333-8FDC-42A3-9474-1A3956D46DE8}") = "Services", "Services", "{0050534D-EF34-4940-BA6D-858A5BA21922}"
EndProject
Project("{2150E333-8FDC-42A3-9474-1A3956D46DE8}") = "Data", "Data", "{41F08007-DADC-4605-896E-25C924971393}"
EndProject
Project("{FAE04EC0-301F-11D3-BF4B-00C04F79EFBC}") = "MarketMind.Web.ViewModels", "MarketMind.Web.ViewModels\MarketMind.Web.ViewModels.csproj", "{F950A773-46E3-4E74-B0D8-4E871D96E559}"
EndProject
Project("{FAE04EC0-301F-11D3-BF4B-00C04F79EFBC}") = "MarketMind.Services.Core", "MarketMind.Services.Core\MarketMind.Services.Core.csproj", "{BBCC1BCE-B512-4308-ACB6-185040894750}"
EndProject
Project("{FAE04EC0-301F-11D3-BF4B-00C04F79EFBC}") = "MarketMind.Data", "MarketMind.Data\MarketMind.Data.csproj", "{B7A3060C-8109-48B0-AF2F-2AABFDA8CCAC}"
EndProject
Project("{FAE04EC0-301F-11D3-BF4B-00C04F79EFBC}") = "MarketMind.Data.Models", "MarketMind.Models\MarketMind.Data.Models.csproj", "{F9A3671E-C1D3-48FF-B5B7-728B35021111}"
EndProject
Project("{FAE04EC0-301F-11D3-BF4B-00C04F79EFBC}") = "MarketMind.Data.Common", "MarketMind.Data.Common\MarketMind.Data.Common.csproj", "{5C8D6BC2-722F-4991-AD32-3B115F61730F}"
EndProject
Global
	GlobalSection(SolutionConfigurationPlatforms) = preSolution
		Debug|Any CPU = Debug|Any CPU
		Release|Any CPU = Release|Any CPU
	EndGlobalSection
	GlobalSection(ProjectConfigurationPlatforms) = postSolution
		{9DCDCF0E-88D2-49E8-ADA6-0D178355C7CF}.Debug|Any CPU.ActiveCfg = Debug|Any CPU
		{9DCDCF0E-88D2-49E8-ADA6-0D178355C7CF}.Debug|Any CPU.Build.0 = Debug|Any CPU
		{9DCDCF0E-88D2-49E8-ADA6-0D178355C7CF}.Release|Any CPU.ActiveCfg = Release|Any CPU
		{9DCDCF0E-88D2-49E8-ADA6-0D178355C7CF}.Release|Any CPU.Build.0 = Release|Any CPU
		{F950A773-46E3-4E74-B0D8-4E871D96E559}.Debug|Any CPU.ActiveCfg = Debug|Any CPU
		{F950A773-46E3-4E74-B0D8-4E871D96E559}.Debug|Any CPU.Build.0 = Debug|Any CPU
		{F950A773-46E3-4E74-B0D8-4E871D96E559}.Release|Any CPU.ActiveCfg = Release|Any CPU
		{F950A773-46E3-4E74-B0D8-4E871D96E559}.Release|Any CPU.Build.0 = Release|Any CPU
		{BBCC1BCE-B512-4308-ACB6-185040894750}.Debug|Any CPU.ActiveCfg = Debug|Any CPU
		{BBCC1BCE-B512-4308-ACB6-185040894750}.Debug|Any CPU.Build.0 = Debug|Any CPU
		{BBCC1BCE-B512-4308-ACB6-185040894750}.Release|Any CPU.ActiveCfg = Release|Any CPU
		{BBCC1BCE-B512-4308-ACB6-185040894750}.Release|Any CPU.Build.0 = Release|Any CPU
		{B7A3060C-8109-48B0-AF2F-2AABFDA8CCAC}.Debug|Any CPU.ActiveCfg = Debug|Any CPU
		{B7A3060C-8109-48B0-AF2F-2AABFDA8CCAC}.Debug|Any CPU.Build.0 = Debug|Any CPU
		{B7A3060C-8109-48B0-AF2F-2AABFDA8CCAC}.Release|Any CPU.ActiveCfg = Release|Any CPU
		{B7A3060C-8109-48B0-AF2F-2AABFDA8CCAC}.Release|Any CPU.Build.0 = Release|Any CPU
		{F9A3671E-C1D3-48FF-B5B7-728B35021111}.Debug|Any CPU.ActiveCfg = Debug|Any CPU
		{F9A3671E-C1D3-48FF-B5B7-728B35021111}.Debug|Any CPU.Build.0 = Debug|Any CPU
		{F9A3671E-C1D3-48FF-B5B7-728B35021111}.Release|Any CPU.ActiveCfg = Release|Any CPU
		{F9A3671E-C1D3-48FF-B5B7-728B35021111}.Release|Any CPU.Build.0 = Release|Any CPU
		{5C8D6BC2-722F-4991-AD32-3B115F61730F}.Debug|Any CPU.ActiveCfg = Debug|Any CPU
		{5C8D6BC2-722F-4991-AD32-3B115F61730F}.Debug|Any CPU.Build.0 = Debug|Any CPU
		{5C8D6BC2-722F-4991-AD32-3B115F61730F}.Release|Any CPU.ActiveCfg = Release|Any CPU
		{5C8D6BC2-722F-4991-AD32-3B115F61730F}.Release|Any CPU.Build.0 = Release|Any CPU
	EndGlobalSection
	GlobalSection(SolutionProperties) = preSolution
		HideSolutionNode = FALSE
	EndGlobalSection
	GlobalSection(NestedProjects) = preSolution
		{9DCDCF0E-88D2-49E8-ADA6-0D178355C7CF} = {02EA681E-C7D8-13C7-8484-4AC65E1B71E8}
		{F950A773-46E3-4E74-B0D8-4E871D96E559} = {02EA681E-C7D8-13C7-8484-4AC65E1B71E8}
		{BBCC1BCE-B512-4308-ACB6-185040894750} = {0050534D-EF34-4940-BA6D-858A5BA21922}
		{B7A3060C-8109-48B0-AF2F-2AABFDA8CCAC} = {41F08007-DADC-4605-896E-25C924971393}
		{F9A3671E-C1D3-48FF-B5B7-728B35021111} = {41F08007-DADC-4605-896E-25C924971393}
		{5C8D6BC2-722F-4991-AD32-3B115F61730F} = {41F08007-DADC-4605-896E-25C924971393}
	EndGlobalSection
	GlobalSection(ExtensibilityGlobals) = postSolution
		SolutionGuid = {19F99AA8-C2A9-4044-BE63-C45A1C96C4FB}
	EndGlobalSection
EndGlobal
